
Microsoft Visual Studio Solution File, Format Version 12.00
# Visual Studio 15
VisualStudioVersion = 15.0.28307.779
MinimumVisualStudioVersion = 10.0.40219.1
Project("{FAE04EC0-301F-11D3-BF4B-00C04F79EFBC}") = "RESTfulService", "RESTfulService\RESTfulService.csproj", "{6BDC8491-C601-4F11-BC2C-6A6FACB2077C}"
EndProject
Global
	GlobalSection(SolutionConfigurationPlatforms) = preSolution
		Debug|Any CPU = Debug|Any CPU
		Release|Any CPU = Release|Any CPU
	EndGlobalSection
	GlobalSection(ProjectConfigurationPlatforms) = postSolution
		{6BDC8491-C601-4F11-BC2C-6A6FACB2077C}.Debug|Any CPU.ActiveCfg = Debug|Any CPU
		{6BDC8491-C601-4F11-BC2C-6A6FACB2077C}.Debug|Any CPU.Build.0 = Debug|Any CPU
		{6BDC8491-C601-4F11-BC2C-6A6FACB2077C}.Release|Any CPU.ActiveCfg = Release|Any CPU
		{6BDC8491-C601-4F11-BC2C-6A6FACB2077C}.Release|Any CPU.Build.0 = Release|Any CPU
	EndGlobalSection
	GlobalSection(SolutionProperties) = preSolution
		HideSolutionNode = FALSE
	EndGlobalSection
	GlobalSection(ExtensibilityGlobals) = postSolution
		SolutionGuid = {0C7D5665-14FA-440D-B95F-21A58BBB40D8}
	EndGlobalSection
EndGlobal
