
Microsoft Visual Studio Solution File, Format Version 12.00
# Visual Studio Version 16
VisualStudioVersion = 16.0.29503.13
MinimumVisualStudioVersion = 10.0.40219.1
Project("{9A19103F-16F7-4668-BE54-9A1E7A4F7556}") = "Faraday-BE-gRPC", "Faraday-BE-gRPC.csproj", "{C0B803B6-2395-4EF0-B7D7-EFA35F185FB2}"
EndProject
Global
	GlobalSection(SolutionConfigurationPlatforms) = preSolution
		Debug|Any CPU = Debug|Any CPU
		Release|Any CPU = Release|Any CPU
	EndGlobalSection
	GlobalSection(ProjectConfigurationPlatforms) = postSolution
		{C0B803B6-2395-4EF0-B7D7-EFA35F185FB2}.Debug|Any CPU.ActiveCfg = Debug|Any CPU
		{C0B803B6-2395-4EF0-B7D7-EFA35F185FB2}.Debug|Any CPU.Build.0 = Debug|Any CPU
		{C0B803B6-2395-4EF0-B7D7-EFA35F185FB2}.Release|Any CPU.ActiveCfg = Release|Any CPU
		{C0B803B6-2395-4EF0-B7D7-EFA35F185FB2}.Release|Any CPU.Build.0 = Release|Any CPU
	EndGlobalSection
	GlobalSection(SolutionProperties) = preSolution
		HideSolutionNode = FALSE
	EndGlobalSection
	GlobalSection(ExtensibilityGlobals) = postSolution
		SolutionGuid = {6600F483-852D-4024-AD55-1DB50EB9BFE4}
	EndGlobalSection
EndGlobal
